
Microsoft Visual Studio Solution File, Format Version 12.00
# Visual Studio 15
VisualStudioVersion = 15.0.28010.2026
MinimumVisualStudioVersion = 10.0.40219.1
Project("{FAE04EC0-301F-11D3-BF4B-00C04F79EFBC}") = "KinectGestureBasics", "KinectGestureBasics\KinectGestureBasics.csproj", "{718A712B-7A6F-4D3A-A26C-499A0B00E173}"
EndProject
Global
	GlobalSection(SolutionConfigurationPlatforms) = preSolution
		Debug|Any CPU = Debug|Any CPU
		Debug|x64 = Debug|x64
		Release|Any CPU = Release|Any CPU
		Release|x64 = Release|x64
	EndGlobalSection
	GlobalSection(ProjectConfigurationPlatforms) = postSolution
		{718A712B-7A6F-4D3A-A26C-499A0B00E173}.Debug|Any CPU.ActiveCfg = Debug|Any CPU
		{718A712B-7A6F-4D3A-A26C-499A0B00E173}.Debug|Any CPU.Build.0 = Debug|Any CPU
		{718A712B-7A6F-4D3A-A26C-499A0B00E173}.Debug|x64.ActiveCfg = Debug|x64
		{718A712B-7A6F-4D3A-A26C-499A0B00E173}.Debug|x64.Build.0 = Debug|x64
		{718A712B-7A6F-4D3A-A26C-499A0B00E173}.Release|Any CPU.ActiveCfg = Release|Any CPU
		{718A712B-7A6F-4D3A-A26C-499A0B00E173}.Release|Any CPU.Build.0 = Release|Any CPU
		{718A712B-7A6F-4D3A-A26C-499A0B00E173}.Release|x64.ActiveCfg = Release|x64
		{718A712B-7A6F-4D3A-A26C-499A0B00E173}.Release|x64.Build.0 = Release|x64
	EndGlobalSection
	GlobalSection(SolutionProperties) = preSolution
		HideSolutionNode = FALSE
	EndGlobalSection
	GlobalSection(ExtensibilityGlobals) = postSolution
		SolutionGuid = {0B70DB4B-78EA-4CA3-901D-3EA4FFD3335A}
	EndGlobalSection
EndGlobal
